{
  "version": 4,
  "terraform_version": "1.14.5",
  "serial": 924,
  "lineage": "fc6d7f89-7ef0-f519-d1e4-f0f5642f1f1a",
  "outputs": {},
  "resources": [
    {
      "mode": "data",
      "type": "aws_availability_zones",
      "name": "azs",
      "provider": "provider[\"registry.terraform.io/hashicorp/aws\"]",
      "instances": [
        {
          "schema_version": 0,
          "attributes": {
            "all_availability_zones": null,
            "exclude_names": null,
            "exclude_zone_ids": null,
            "filter": null,
            "group_names": [
              "ca-central-1-zg-1"
            ],
            "id": "ca-central-1",
            "names": [
              "ca-central-1a",
              "ca-central-1b",
              "ca-central-1d"
            ],
            "state": null,
            "timeouts": null,
            "zone_ids": [
              "cac1-az1",
              "cac1-az2",
              "cac1-az4"
            ]
          },
          "sensitive_attributes": [],
          "identity_schema_version": 0
        }
      ]
    },
    {
      "module": "module.myapp-vpc",
      "mode": "managed",
      "type": "aws_internet_gateway",
      "name": "this",
      "provider": "provider[\"registry.terraform.io/hashicorp/aws\"]",
      "instances": [
        {
          "index_key": 0,
          "schema_version": 0,
          "attributes": {
            "arn": "arn:aws:ec2:ca-central-1:780432333923:internet-gateway/igw-0dc24cc6a4198c6b6",
            "id": "igw-0dc24cc6a4198c6b6",
            "owner_id": "780432333923",
            "tags": {
              "Name": "myapp-vpc",
              "kubernetes.io/cluster/myapp-eks-cluster": "shared"
            },
            "tags_all": {
              "Name": "myapp-vpc",
              "kubernetes.io/cluster/myapp-eks-cluster": "shared"
            },
            "timeouts": null,
            "vpc_id": "vpc-03b722d60db372554"
          },
          "sensitive_attributes": [],
          "identity_schema_version": 0,
          "private": "eyJlMmJmYjczMC1lY2FhLTExZTYtOGY4OC0zNDM2M2JjN2M0YzAiOnsiY3JlYXRlIjoxMjAwMDAwMDAwMDAwLCJkZWxldGUiOjEyMDAwMDAwMDAwMDAsInVwZGF0ZSI6MTIwMDAwMDAwMDAwMH19",
          "dependencies": [
            "module.myapp-vpc.aws_vpc.this",
            "module.myapp-vpc.aws_vpc_ipv4_cidr_block_association.this"
          ]
        }
      ]
    },
    {
      "module": "module.myapp-vpc",
      "mode": "managed",
      "type": "aws_subnet",
      "name": "public",
      "provider": "provider[\"registry.terraform.io/hashicorp/aws\"]",
      "instances": [
        {
          "index_key": 1,
          "schema_version": 1,
          "attributes": {
            "arn": "arn:aws:ec2:ca-central-1:780432333923:subnet/subnet-0d60bdd4da5fa8f21",
            "assign_ipv6_address_on_creation": false,
            "availability_zone": "ca-central-1b",
            "availability_zone_id": "cac1-az2",
            "cidr_block": "10.0.5.0/24",
            "customer_owned_ipv4_pool": "",
            "enable_dns64": false,
            "enable_lni_at_device_index": 0,
            "enable_resource_name_dns_a_record_on_launch": false,
            "enable_resource_name_dns_aaaa_record_on_launch": false,
            "id": "subnet-0d60bdd4da5fa8f21",
            "ipv6_cidr_block": "",
            "ipv6_cidr_block_association_id": "",
            "ipv6_native": false,
            "map_customer_owned_ip_on_launch": false,
            "map_public_ip_on_launch": false,
            "outpost_arn": "",
            "owner_id": "780432333923",
            "private_dns_hostname_type_on_launch": "ip-name",
            "tags": {
              "Name": "myapp-vpc-public-ca-central-1b",
              "kubernetes.io/cluster/myapp-eks-cluster": "shared",
              "kubernetes.io/role/elb": "1"
            },
            "tags_all": {
              "Name": "myapp-vpc-public-ca-central-1b",
              "kubernetes.io/cluster/myapp-eks-cluster": "shared",
              "kubernetes.io/role/elb": "1"
            },
            "timeouts": null,
            "vpc_id": "vpc-03b722d60db372554"
          },
          "sensitive_attributes": [],
          "identity_schema_version": 0,
          "private": "eyJlMmJmYjczMC1lY2FhLTExZTYtOGY4OC0zNDM2M2JjN2M0YzAiOnsiY3JlYXRlIjo2MDAwMDAwMDAwMDAsImRlbGV0ZSI6MTIwMDAwMDAwMDAwMH0sInNjaGVtYV92ZXJzaW9uIjoiMSJ9",
          "dependencies": [
            "data.aws_availability_zones.azs",
            "module.myapp-vpc.aws_vpc.this",
            "module.myapp-vpc.aws_vpc_ipv4_cidr_block_association.this"
          ]
        },
        {
          "index_key": 2,
          "schema_version": 1,
          "attributes": {
            "arn": "arn:aws:ec2:ca-central-1:780432333923:subnet/subnet-0276753f04feb1d88",
            "assign_ipv6_address_on_creation": false,
            "availability_zone": "ca-central-1d",
            "availability_zone_id": "cac1-az4",
            "cidr_block": "10.0.6.0/24",
            "customer_owned_ipv4_pool": "",
            "enable_dns64": false,
            "enable_lni_at_device_index": 0,
            "enable_resource_name_dns_a_record_on_launch": false,
            "enable_resource_name_dns_aaaa_record_on_launch": false,
            "id": "subnet-0276753f04feb1d88",
            "ipv6_cidr_block": "",
            "ipv6_cidr_block_association_id": "",
            "ipv6_native": false,
            "map_customer_owned_ip_on_launch": false,
            "map_public_ip_on_launch": false,
            "outpost_arn": "",
            "owner_id": "780432333923",
            "private_dns_hostname_type_on_launch": "ip-name",
            "tags": {
              "Name": "myapp-vpc-public-ca-central-1d",
              "kubernetes.io/cluster/myapp-eks-cluster": "shared",
              "kubernetes.io/role/elb": "1"
            },
            "tags_all": {
              "Name": "myapp-vpc-public-ca-central-1d",
              "kubernetes.io/cluster/myapp-eks-cluster": "shared",
              "kubernetes.io/role/elb": "1"
            },
            "timeouts": null,
            "vpc_id": "vpc-03b722d60db372554"
          },
          "sensitive_attributes": [],
          "identity_schema_version": 0,
          "private": "eyJlMmJmYjczMC1lY2FhLTExZTYtOGY4OC0zNDM2M2JjN2M0YzAiOnsiY3JlYXRlIjo2MDAwMDAwMDAwMDAsImRlbGV0ZSI6MTIwMDAwMDAwMDAwMH0sInNjaGVtYV92ZXJzaW9uIjoiMSJ9",
          "dependencies": [
            "data.aws_availability_zones.azs",
            "module.myapp-vpc.aws_vpc.this",
            "module.myapp-vpc.aws_vpc_ipv4_cidr_block_association.this"
          ]
        }
      ]
    },
    {
      "module": "module.myapp-vpc",
      "mode": "managed",
      "type": "aws_vpc",
      "name": "this",
      "provider": "provider[\"registry.terraform.io/hashicorp/aws\"]",
      "instances": [
        {
          "index_key": 0,
          "schema_version": 1,
          "attributes": {
            "arn": "arn:aws:ec2:ca-central-1:780432333923:vpc/vpc-03b722d60db372554",
            "assign_generated_ipv6_cidr_block": false,
            "cidr_block": "10.0.0.0/16",
            "default_network_acl_id": "acl-09a25ece5d20e05c7",
            "default_route_table_id": "rtb-09814825c51428f2c",
            "default_security_group_id": "sg-03cc7f1b40d6b0422",
            "dhcp_options_id": "dopt-092fb615fdc719c5d",
            "enable_dns_hostnames": true,
            "enable_dns_support": true,
            "enable_network_address_usage_metrics": false,
            "id": "vpc-03b722d60db372554",
            "instance_tenancy": "default",
            "ipv4_ipam_pool_id": null,
            "ipv4_netmask_length": null,
            "ipv6_association_id": "",
            "ipv6_cidr_block": "",
            "ipv6_cidr_block_network_border_group": "",
            "ipv6_ipam_pool_id": "",
            "ipv6_netmask_length": 0,
            "main_route_table_id": "rtb-09814825c51428f2c",
            "owner_id": "780432333923",
            "tags": {
              "Name": "myapp-vpc",
              "kubernetes.io/cluster/myapp-eks-cluster": "shared"
            },
            "tags_all": {
              "Name": "myapp-vpc",
              "kubernetes.io/cluster/myapp-eks-cluster": "shared"
            }
          },
          "sensitive_attributes": [],
          "identity_schema_version": 0,
          "private": "eyJzY2hlbWFfdmVyc2lvbiI6IjEifQ==",
          "create_before_destroy": true
        }
      ]
    }
  ],
  "check_results": null
}
